
Microsoft Visual Studio Solution File, Format Version 12.00
# Visual Studio Version 16
VisualStudioVersion = 16.0.31112.23
MinimumVisualStudioVersion = 10.0.40219.1
Project("{9A19103F-16F7-4668-BE54-9A1E7A4F7556}") = "PostsharpTest", "PostsharpTest\PostsharpTest.csproj", "{810D92D5-1C66-4477-B97E-E819DED2F021}"
EndProject
Project("{FAE04EC0-301F-11D3-BF4B-00C04F79EFBC}") = "PostsharpTest.Aspects", "PostsharpTest.Aspects\PostsharpTest.Aspects.csproj", "{5E1D6039-D38B-483C-A21F-2BC4FAC66CB7}"
EndProject
Project("{FAE04EC0-301F-11D3-BF4B-00C04F79EFBC}") = "PostsharpTest.Extern", "PostsharpTest.Extern\PostsharpTest.Extern.csproj", "{AD0BA12C-0148-4055-813C-9690DED06496}"
EndProject
Global
	GlobalSection(SolutionConfigurationPlatforms) = preSolution
		Debug|Any CPU = Debug|Any CPU
		Release|Any CPU = Release|Any CPU
	EndGlobalSection
	GlobalSection(ProjectConfigurationPlatforms) = postSolution
		{810D92D5-1C66-4477-B97E-E819DED2F021}.Debug|Any CPU.ActiveCfg = Debug|Any CPU
		{810D92D5-1C66-4477-B97E-E819DED2F021}.Debug|Any CPU.Build.0 = Debug|Any CPU
		{810D92D5-1C66-4477-B97E-E819DED2F021}.Release|Any CPU.ActiveCfg = Release|Any CPU
		{810D92D5-1C66-4477-B97E-E819DED2F021}.Release|Any CPU.Build.0 = Release|Any CPU
		{5E1D6039-D38B-483C-A21F-2BC4FAC66CB7}.Debug|Any CPU.ActiveCfg = Debug|Any CPU
		{5E1D6039-D38B-483C-A21F-2BC4FAC66CB7}.Debug|Any CPU.Build.0 = Debug|Any CPU
		{5E1D6039-D38B-483C-A21F-2BC4FAC66CB7}.Release|Any CPU.ActiveCfg = Release|Any CPU
		{5E1D6039-D38B-483C-A21F-2BC4FAC66CB7}.Release|Any CPU.Build.0 = Release|Any CPU
		{AD0BA12C-0148-4055-813C-9690DED06496}.Debug|Any CPU.ActiveCfg = Debug|Any CPU
		{AD0BA12C-0148-4055-813C-9690DED06496}.Debug|Any CPU.Build.0 = Debug|Any CPU
		{AD0BA12C-0148-4055-813C-9690DED06496}.Release|Any CPU.ActiveCfg = Release|Any CPU
		{AD0BA12C-0148-4055-813C-9690DED06496}.Release|Any CPU.Build.0 = Release|Any CPU
	EndGlobalSection
	GlobalSection(SolutionProperties) = preSolution
		HideSolutionNode = FALSE
	EndGlobalSection
	GlobalSection(ExtensibilityGlobals) = postSolution
		SolutionGuid = {AF11249D-384F-4CE4-A220-745B5ECE36B4}
	EndGlobalSection
EndGlobal
